{
	"name": "bcloud",
	"version": "1.0.0",
	"lockfileVersion": 2,
	"requires": true,
	"packages": {
		"": {
			"version": "1.0.0",
			"license": "ISC",
			"dependencies": {
				"uni-cloud-router": "file:../../../uni_modules/uni-cloud-router/uniCloud/cloudfunctions/common/uni-cloud-router"
			}
		},
		"../../../uni_modules/uni-cloud-router/uniCloud/cloudfunctions/common/uni-cloud-router": {
			"version": "0.0.10",
			"license": "Apache-2.0"
		},
		"node_modules/uni-cloud-router": {
			"resolved": "../../../uni_modules/uni-cloud-router/uniCloud/cloudfunctions/common/uni-cloud-router",
			"link": true
		}
	},
	"dependencies": {
		"uni-cloud-router": {
			"version": "file:../../../uni_modules/uni-cloud-router/uniCloud/cloudfunctions/common/uni-cloud-router"
		}
	}
}
